<?xml version="1.0" encoding="utf-8"?>
<Project ToolsVersion="4.0" xmlns="http://schemas.microsoft.com/developer/msbuild/2003">
  <ItemGroup>
    <ClCompile Include="..\src\sb1d.cpp">
      <Filter>Sources</Filter>
    </ClCompile>
    <ClCompile Include="..\src\scope.cpp">
      <Filter>Sources</Filter>
    </ClCompile>
    <ClCompile Include="..\src\slim_binary.cpp">
      <Filter>Sources</Filter>
    </ClCompile>
    <ClCompile Include="..\src\slim_code.cpp">
      <Filter>Sources</Filter>
    </ClCompile>
    <ClCompile Include="..\src\slim_data.cpp">
      <Filter>Sources</Filter>
    </ClCompile>
    <ClCompile Include="..\src\slim_error.cpp">
      <Filter>Sources</Filter>
    </ClCompile>
    <ClCompile Include="..\src\slim_print.cpp">
      <Filter>Sources</Filter>
    </ClCompile>
    <ClCompile Include="..\src\slim_sym.cpp">
      <Filter>Sources</Filter>
    </ClCompile>
    <ClCompile Include="..\src\stream.cpp">
      <Filter>Sources</Filter>
    </ClCompile>
    <ClCompile Include="..\src\string.cpp">
      <Filter>Sources</Filter>
    </ClCompile>
    <ClCompile Include="..\src\time.cpp">
      <Filter>Sources</Filter>
    </ClCompile>
    <ClCompile Include="..\src\exception.cpp">
      <Filter>Sources</Filter>
    </ClCompile>
  </ItemGroup>
  <ItemGroup>
    <ClInclude Include="..\src\scope.h">
      <Filter>Headers</Filter>
    </ClInclude>
    <ClInclude Include="..\src\slim_binary.h">
      <Filter>Headers</Filter>
    </ClInclude>
    <ClInclude Include="..\src\slim_data.h">
      <Filter>Headers</Filter>
    </ClInclude>
    <ClInclude Include="..\src\slim_error.h">
      <Filter>Headers</Filter>
    </ClInclude>
    <ClInclude Include="..\src\stream.h">
      <Filter>Headers</Filter>
    </ClInclude>
    <ClInclude Include="..\src\string.h">
      <Filter>Headers</Filter>
    </ClInclude>
    <ClInclude Include="..\src\time.h">
      <Filter>Headers</Filter>
    </ClInclude>
    <ClInclude Include="..\src\exception.h">
      <Filter>Headers</Filter>
    </ClInclude>
  </ItemGroup>
  <ItemGroup>
    <None Include="..\.gitattributes">
      <Filter>Other</Filter>
    </None>
    <None Include="..\.gitignore">
      <Filter>Other</Filter>
    </None>
    <None Include="..\LICENSE">
      <Filter>Other</Filter>
    </None>
    <None Include="..\README.md">
      <Filter>Other</Filter>
    </None>
    <None Include="..\Makefile">
      <Filter>Other</Filter>
    </None>
  </ItemGroup>
  <ItemGroup>
    <Filter Include="Sources">
      <UniqueIdentifier>{b1110c64-9aef-471c-9b2a-5fa1c24fded6}</UniqueIdentifier>
    </Filter>
    <Filter Include="Headers">
      <UniqueIdentifier>{cd808f4a-9d46-46f3-81bb-61ed074fea4d}</UniqueIdentifier>
    </Filter>
    <Filter Include="Other">
      <UniqueIdentifier>{bbd98a78-08d9-4bf0-a9ee-c233486f6645}</UniqueIdentifier>
    </Filter>
  </ItemGroup>
</Project>